// !$*UTF8*$!
{
	archiveVersion = 1;
	classes = {
	};
	objectVersion = 50;
	objects = {

/* Begin PBXBuildFile section */
		B9485C242ACF83500023ADE0 /* MemoryModel.m in Sources */ = {isa = PBXBuildFile; fileRef = B9485C232ACF83500023ADE0 /* MemoryModel.m */; };
		B9522B402AE369ED0069816B /* PreferencesModel.m in Sources */ = {isa = PBXBuildFile; fileRef = B9522B3F2AE369ED0069816B /* PreferencesModel.m */; };
		B9535A002AE31D06002F748D /* PreferencesViewController.m in Sources */ = {isa = PBXBuildFile; fileRef = B95359FF2AE31D06002F748D /* PreferencesViewController.m */; };
		B95602FA2ACCCB5000D243E9 /* CPUModel.m in Sources */ = {isa = PBXBuildFile; fileRef = B95602F92ACCCB5000D243E9 /* CPUModel.m */; };
		B988F2162AC641B700F8298A /* DashboardModel.m in Sources */ = {isa = PBXBuildFile; fileRef = B988F2152AC641B700F8298A /* DashboardModel.m */; };
		B99432612AC520190048C37D /* MainDashboardController.m in Sources */ = {isa = PBXBuildFile; fileRef = B99432602AC520190048C37D /* MainDashboardController.m */; };
		B9A2FB182ACA2C2B00E95F98 /* CPUViewController.m in Sources */ = {isa = PBXBuildFile; fileRef = B9A2FB172ACA2C2B00E95F98 /* CPUViewController.m */; };
		B9A2FB202ACA2CED00E95F98 /* MemoryViewController.m in Sources */ = {isa = PBXBuildFile; fileRef = B9A2FB1F2ACA2CED00E95F98 /* MemoryViewController.m */; };
		B9A2FB252ACA2D0A00E95F98 /* StorageViewController.m in Sources */ = {isa = PBXBuildFile; fileRef = B9A2FB242ACA2D0A00E95F98 /* StorageViewController.m */; };
		B9A2FB2A2ACA2D2F00E95F98 /* NetworkViewController.m in Sources */ = {isa = PBXBuildFile; fileRef = B9A2FB292ACA2D2F00E95F98 /* NetworkViewController.m */; };
		B9ECD5302ABE88D200BBB36B /* AppDelegate.m in Sources */ = {isa = PBXBuildFile; fileRef = B9ECD52F2ABE88D200BBB36B /* AppDelegate.m */; };
		B9ECD5352ABE88DF00BBB36B /* Assets.xcassets in Resources */ = {isa = PBXBuildFile; fileRef = B9ECD5342ABE88DF00BBB36B /* Assets.xcassets */; };
		B9ECD5382ABE88DF00BBB36B /* Main.storyboard in Resources */ = {isa = PBXBuildFile; fileRef = B9ECD5362ABE88DF00BBB36B /* Main.storyboard */; };
		B9ECD53B2ABE88DF00BBB36B /* main.m in Sources */ = {isa = PBXBuildFile; fileRef = B9ECD53A2ABE88DF00BBB36B /* main.m */; };
		B9ECD5462ABE88DF00BBB36B /* SystemInfoAppTests.m in Sources */ = {isa = PBXBuildFile; fileRef = B9ECD5452ABE88DF00BBB36B /* SystemInfoAppTests.m */; };
		B9ECD5512ABE88DF00BBB36B /* SystemInfoAppUITests.m in Sources */ = {isa = PBXBuildFile; fileRef = B9ECD5502ABE88DF00BBB36B /* SystemInfoAppUITests.m */; };
/* End PBXBuildFile section */

/* Begin PBXContainerItemProxy section */
		B9ECD5422ABE88DF00BBB36B /* PBXContainerItemProxy */ = {
			isa = PBXContainerItemProxy;
			containerPortal = B9ECD5232ABE88D200BBB36B /* Project object */;
			proxyType = 1;
			remoteGlobalIDString = B9ECD52A2ABE88D200BBB36B;
			remoteInfo = SystemInfoApp;
		};
		B9ECD54D2ABE88DF00BBB36B /* PBXContainerItemProxy */ = {
			isa = PBXContainerItemProxy;
			containerPortal = B9ECD5232ABE88D200BBB36B /* Project object */;
			proxyType = 1;
			remoteGlobalIDString = B9ECD52A2ABE88D200BBB36B;
			remoteInfo = SystemInfoApp;
		};
/* End PBXContainerItemProxy section */

/* Begin PBXFileReference section */
		B9485C222ACF831E0023ADE0 /* MemoryModel.h */ = {isa = PBXFileReference; lastKnownFileType = sourcecode.c.h; path = MemoryModel.h; sourceTree = "<group>"; };
		B9485C232ACF83500023ADE0 /* MemoryModel.m */ = {isa = PBXFileReference; lastKnownFileType = sourcecode.c.objc; path = MemoryModel.m; sourceTree = "<group>"; };
		B9522B3E2AE366DC0069816B /* PreferencesModel.h */ = {isa = PBXFileReference; lastKnownFileType = sourcecode.c.h; path = PreferencesModel.h; sourceTree = "<group>"; };
		B9522B3F2AE369ED0069816B /* PreferencesModel.m */ = {isa = PBXFileReference; lastKnownFileType = sourcecode.c.objc; path = PreferencesModel.m; sourceTree = "<group>"; };
		B95359FE2AE31CA9002F748D /* PreferencesViewController.h */ = {isa = PBXFileReference; lastKnownFileType = sourcecode.c.h; path = PreferencesViewController.h; sourceTree = "<group>"; };
		B95359FF2AE31D06002F748D /* PreferencesViewController.m */ = {isa = PBXFileReference; lastKnownFileType = sourcecode.c.objc; path = PreferencesViewController.m; sourceTree = "<group>"; };
		B95602F82ACCCA1100D243E9 /* CPUModel.h */ = {isa = PBXFileReference; lastKnownFileType = sourcecode.c.h; path = CPUModel.h; sourceTree = "<group>"; };
		B95602F92ACCCB5000D243E9 /* CPUModel.m */ = {isa = PBXFileReference; lastKnownFileType = sourcecode.c.objc; path = CPUModel.m; sourceTree = "<group>"; };
		B988F2142AC640AE00F8298A /* DashboardModel.h */ = {isa = PBXFileReference; lastKnownFileType = sourcecode.c.h; path = DashboardModel.h; sourceTree = "<group>"; };
		B988F2152AC641B700F8298A /* DashboardModel.m */ = {isa = PBXFileReference; lastKnownFileType = sourcecode.c.objc; path = DashboardModel.m; sourceTree = "<group>"; };
		B994325F2AC51FDD0048C37D /* MainDashboardController.h */ = {isa = PBXFileReference; lastKnownFileType = sourcecode.c.h; path = MainDashboardController.h; sourceTree = "<group>"; };
		B99432602AC520190048C37D /* MainDashboardController.m */ = {isa = PBXFileReference; lastKnownFileType = sourcecode.c.objc; path = MainDashboardController.m; sourceTree = "<group>"; };
		B9A2FB132ACA2B7C00E95F98 /* CPUViewController.h */ = {isa = PBXFileReference; lastKnownFileType = sourcecode.c.h; path = CPUViewController.h; sourceTree = "<group>"; };
		B9A2FB142ACA2BB100E95F98 /* MemoryViewController.h */ = {isa = PBXFileReference; lastKnownFileType = sourcecode.c.h; path = MemoryViewController.h; sourceTree = "<group>"; };
		B9A2FB152ACA2BEE00E95F98 /* StorageViewController.h */ = {isa = PBXFileReference; lastKnownFileType = sourcecode.c.h; path = StorageViewController.h; sourceTree = "<group>"; };
		B9A2FB162ACA2C0600E95F98 /* NetworkViewController.h */ = {isa = PBXFileReference; lastKnownFileType = sourcecode.c.h; path = NetworkViewController.h; sourceTree = "<group>"; };
		B9A2FB172ACA2C2B00E95F98 /* CPUViewController.m */ = {isa = PBXFileReference; lastKnownFileType = sourcecode.c.objc; path = CPUViewController.m; sourceTree = "<group>"; };
		B9A2FB1F2ACA2CED00E95F98 /* MemoryViewController.m */ = {isa = PBXFileReference; lastKnownFileType = sourcecode.c.objc; path = MemoryViewController.m; sourceTree = "<group>"; };
		B9A2FB242ACA2D0A00E95F98 /* StorageViewController.m */ = {isa = PBXFileReference; lastKnownFileType = sourcecode.c.objc; path = StorageViewController.m; sourceTree = "<group>"; };
		B9A2FB292ACA2D2F00E95F98 /* NetworkViewController.m */ = {isa = PBXFileReference; lastKnownFileType = sourcecode.c.objc; path = NetworkViewController.m; sourceTree = "<group>"; };
		B9ECD52B2ABE88D200BBB36B /* SystemInfoApp.app */ = {isa = PBXFileReference; explicitFileType = wrapper.application; includeInIndex = 0; path = SystemInfoApp.app; sourceTree = BUILT_PRODUCTS_DIR; };
		B9ECD52E2ABE88D200BBB36B /* AppDelegate.h */ = {isa = PBXFileReference; lastKnownFileType = sourcecode.c.h; path = AppDelegate.h; sourceTree = "<group>"; };
		B9ECD52F2ABE88D200BBB36B /* AppDelegate.m */ = {isa = PBXFileReference; lastKnownFileType = sourcecode.c.objc; path = AppDelegate.m; sourceTree = "<group>"; };
		B9ECD5342ABE88DF00BBB36B /* Assets.xcassets */ = {isa = PBXFileReference; lastKnownFileType = folder.assetcatalog; path = Assets.xcassets; sourceTree = "<group>"; };
		B9ECD5372ABE88DF00BBB36B /* Base */ = {isa = PBXFileReference; lastKnownFileType = file.storyboard; name = Base; path = Base.lproj/Main.storyboard; sourceTree = "<group>"; };
		B9ECD5392ABE88DF00BBB36B /* Info.plist */ = {isa = PBXFileReference; lastKnownFileType = text.plist.xml; path = Info.plist; sourceTree = "<group>"; };
		B9ECD53A2ABE88DF00BBB36B /* main.m */ = {isa = PBXFileReference; lastKnownFileType = sourcecode.c.objc; path = main.m; sourceTree = "<group>"; };
		B9ECD53C2ABE88DF00BBB36B /* SystemInfoApp.entitlements */ = {isa = PBXFileReference; lastKnownFileType = text.plist.entitlements; path = SystemInfoApp.entitlements; sourceTree = "<group>"; };
		B9ECD5412ABE88DF00BBB36B /* SystemInfoAppTests.xctest */ = {isa = PBXFileReference; explicitFileType = wrapper.cfbundle; includeInIndex = 0; path = SystemInfoAppTests.xctest; sourceTree = BUILT_PRODUCTS_DIR; };
		B9ECD5452ABE88DF00BBB36B /* SystemInfoAppTests.m */ = {isa = PBXFileReference; lastKnownFileType = sourcecode.c.objc; path = SystemInfoAppTests.m; sourceTree = "<group>"; };
		B9ECD5472ABE88DF00BBB36B /* Info.plist */ = {isa = PBXFileReference; lastKnownFileType = text.plist.xml; path = Info.plist; sourceTree = "<group>"; };
		B9ECD54C2ABE88DF00BBB36B /* SystemInfoAppUITests.xctest */ = {isa = PBXFileReference; explicitFileType = wrapper.cfbundle; includeInIndex = 0; path = SystemInfoAppUITests.xctest; sourceTree = BUILT_PRODUCTS_DIR; };
		B9ECD5502ABE88DF00BBB36B /* SystemInfoAppUITests.m */ = {isa = PBXFileReference; lastKnownFileType = sourcecode.c.objc; path = SystemInfoAppUITests.m; sourceTree = "<group>"; };
		B9ECD5522ABE88DF00BBB36B /* Info.plist */ = {isa = PBXFileReference; lastKnownFileType = text.plist.xml; path = Info.plist; sourceTree = "<group>"; };
/* End PBXFileReference section */

/* Begin PBXFrameworksBuildPhase section */
		B9ECD5282ABE88D200BBB36B /* Frameworks */ = {
			isa = PBXFrameworksBuildPhase;
			buildActionMask = 2147483647;
			files = (
			);
			runOnlyForDeploymentPostprocessing = 0;
		};
		B9ECD53E2ABE88DF00BBB36B /* Frameworks */ = {
			isa = PBXFrameworksBuildPhase;
			buildActionMask = 2147483647;
			files = (
			);
			runOnlyForDeploymentPostprocessing = 0;
		};
		B9ECD5492ABE88DF00BBB36B /* Frameworks */ = {
			isa = PBXFrameworksBuildPhase;
			buildActionMask = 2147483647;
			files = (
			);
			runOnlyForDeploymentPostprocessing = 0;
		};
/* End PBXFrameworksBuildPhase section */

/* Begin PBXGroup section */
		B9ECD5222ABE88D200BBB36B = {
			isa = PBXGroup;
			children = (
				B9ECD52D2ABE88D200BBB36B /* SystemInfoApp */,
				B9ECD5442ABE88DF00BBB36B /* SystemInfoAppTests */,
				B9ECD54F2ABE88DF00BBB36B /* SystemInfoAppUITests */,
				B9ECD52C2ABE88D200BBB36B /* Products */,
			);
			sourceTree = "<group>";
		};
		B9ECD52C2ABE88D200BBB36B /* Products */ = {
			isa = PBXGroup;
			children = (
				B9ECD52B2ABE88D200BBB36B /* SystemInfoApp.app */,
				B9ECD5412ABE88DF00BBB36B /* SystemInfoAppTests.xctest */,
				B9ECD54C2ABE88DF00BBB36B /* SystemInfoAppUITests.xctest */,
			);
			name = Products;
			sourceTree = "<group>";
		};
		B9ECD52D2ABE88D200BBB36B /* SystemInfoApp */ = {
			isa = PBXGroup;
			children = (
				B9ECD52E2ABE88D200BBB36B /* AppDelegate.h */,
				B9ECD52F2ABE88D200BBB36B /* AppDelegate.m */,
				B9ECD5342ABE88DF00BBB36B /* Assets.xcassets */,
				B9ECD5362ABE88DF00BBB36B /* Main.storyboard */,
				B9ECD5392ABE88DF00BBB36B /* Info.plist */,
				B9ECD53A2ABE88DF00BBB36B /* main.m */,
				B9ECD53C2ABE88DF00BBB36B /* SystemInfoApp.entitlements */,
				B994325F2AC51FDD0048C37D /* MainDashboardController.h */,
				B99432602AC520190048C37D /* MainDashboardController.m */,
				B988F2142AC640AE00F8298A /* DashboardModel.h */,
				B988F2152AC641B700F8298A /* DashboardModel.m */,
				B9A2FB132ACA2B7C00E95F98 /* CPUViewController.h */,
				B9A2FB172ACA2C2B00E95F98 /* CPUViewController.m */,
				B95602F82ACCCA1100D243E9 /* CPUModel.h */,
				B95602F92ACCCB5000D243E9 /* CPUModel.m */,
				B9A2FB142ACA2BB100E95F98 /* MemoryViewController.h */,
				B9A2FB1F2ACA2CED00E95F98 /* MemoryViewController.m */,
				B9485C222ACF831E0023ADE0 /* MemoryModel.h */,
				B9485C232ACF83500023ADE0 /* MemoryModel.m */,
				B9A2FB152ACA2BEE00E95F98 /* StorageViewController.h */,
				B9A2FB242ACA2D0A00E95F98 /* StorageViewController.m */,
				B9A2FB162ACA2C0600E95F98 /* NetworkViewController.h */,
				B9A2FB292ACA2D2F00E95F98 /* NetworkViewController.m */,
				B95359FE2AE31CA9002F748D /* PreferencesViewController.h */,
				B95359FF2AE31D06002F748D /* PreferencesViewController.m */,
				B9522B3E2AE366DC0069816B /* PreferencesModel.h */,
				B9522B3F2AE369ED0069816B /* PreferencesModel.m */,
			);
			path = SystemInfoApp;
			sourceTree = "<group>";
		};
		B9ECD5442ABE88DF00BBB36B /* SystemInfoAppTests */ = {
			isa = PBXGroup;
			children = (
				B9ECD5452ABE88DF00BBB36B /* SystemInfoAppTests.m */,
				B9ECD5472ABE88DF00BBB36B /* Info.plist */,
			);
			path = SystemInfoAppTests;
			sourceTree = "<group>";
		};
		B9ECD54F2ABE88DF00BBB36B /* SystemInfoAppUITests */ = {
			isa = PBXGroup;
			children = (
				B9ECD5502ABE88DF00BBB36B /* SystemInfoAppUITests.m */,
				B9ECD5522ABE88DF00BBB36B /* Info.plist */,
			);
			path = SystemInfoAppUITests;
			sourceTree = "<group>";
		};
/* End PBXGroup section */

/* Begin PBXNativeTarget section */
		B9ECD52A2ABE88D200BBB36B /* SystemInfoApp */ = {
			isa = PBXNativeTarget;
			buildConfigurationList = B9ECD5552ABE88DF00BBB36B /* Build configuration list for PBXNativeTarget "SystemInfoApp" */;
			buildPhases = (
				B9ECD5272ABE88D200BBB36B /* Sources */,
				B9ECD5282ABE88D200BBB36B /* Frameworks */,
				B9ECD5292ABE88D200BBB36B /* Resources */,
			);
			buildRules = (
			);
			dependencies = (
			);
			name = SystemInfoApp;
			productName = SystemInfoApp;
			productReference = B9ECD52B2ABE88D200BBB36B /* SystemInfoApp.app */;
			productType = "com.apple.product-type.application";
		};
		B9ECD5402ABE88DF00BBB36B /* SystemInfoAppTests */ = {
			isa = PBXNativeTarget;
			buildConfigurationList = B9ECD5582ABE88DF00BBB36B /* Build configuration list for PBXNativeTarget "SystemInfoAppTests" */;
			buildPhases = (
				B9ECD53D2ABE88DF00BBB36B /* Sources */,
				B9ECD53E2ABE88DF00BBB36B /* Frameworks */,
				B9ECD53F2ABE88DF00BBB36B /* Resources */,
			);
			buildRules = (
			);
			dependencies = (
				B9ECD5432ABE88DF00BBB36B /* PBXTargetDependency */,
			);
			name = SystemInfoAppTests;
			productName = SystemInfoAppTests;
			productReference = B9ECD5412ABE88DF00BBB36B /* SystemInfoAppTests.xctest */;
			productType = "com.apple.product-type.bundle.unit-test";
		};
		B9ECD54B2ABE88DF00BBB36B /* SystemInfoAppUITests */ = {
			isa = PBXNativeTarget;
			buildConfigurationList = B9ECD55B2ABE88DF00BBB36B /* Build configuration list for PBXNativeTarget "SystemInfoAppUITests" */;
			buildPhases = (
				B9ECD5482ABE88DF00BBB36B /* Sources */,
				B9ECD5492ABE88DF00BBB36B /* Frameworks */,
				B9ECD54A2ABE88DF00BBB36B /* Resources */,
			);
			buildRules = (
			);
			dependencies = (
				B9ECD54E2ABE88DF00BBB36B /* PBXTargetDependency */,
			);
			name = SystemInfoAppUITests;
			productName = SystemInfoAppUITests;
			productReference = B9ECD54C2ABE88DF00BBB36B /* SystemInfoAppUITests.xctest */;
			productType = "com.apple.product-type.bundle.ui-testing";
		};
/* End PBXNativeTarget section */

/* Begin PBXProject section */
		B9ECD5232ABE88D200BBB36B /* Project object */ = {
			isa = PBXProject;
			attributes = {
				LastUpgradeCheck = 1240;
				TargetAttributes = {
					B9ECD52A2ABE88D200BBB36B = {
						CreatedOnToolsVersion = 12.4;
					};
					B9ECD5402ABE88DF00BBB36B = {
						CreatedOnToolsVersion = 12.4;
						TestTargetID = B9ECD52A2ABE88D200BBB36B;
					};
					B9ECD54B2ABE88DF00BBB36B = {
						CreatedOnToolsVersion = 12.4;
						TestTargetID = B9ECD52A2ABE88D200BBB36B;
					};
				};
			};
			buildConfigurationList = B9ECD5262ABE88D200BBB36B /* Build configuration list for PBXProject "SystemInfoApp" */;
			compatibilityVersion = "Xcode 9.3";
			developmentRegion = en;
			hasScannedForEncodings = 0;
			knownRegions = (
				en,
				Base,
			);
			mainGroup = B9ECD5222ABE88D200BBB36B;
			productRefGroup = B9ECD52C2ABE88D200BBB36B /* Products */;
			projectDirPath = "";
			projectRoot = "";
			targets = (
				B9ECD52A2ABE88D200BBB36B /* SystemInfoApp */,
				B9ECD5402ABE88DF00BBB36B /* SystemInfoAppTests */,
				B9ECD54B2ABE88DF00BBB36B /* SystemInfoAppUITests */,
			);
		};
/* End PBXProject section */

/* Begin PBXResourcesBuildPhase section */
		B9ECD5292ABE88D200BBB36B /* Resources */ = {
			isa = PBXResourcesBuildPhase;
			buildActionMask = 2147483647;
			files = (
				B9ECD5352ABE88DF00BBB36B /* Assets.xcassets in Resources */,
				B9ECD5382ABE88DF00BBB36B /* Main.storyboard in Resources */,
			);
			runOnlyForDeploymentPostprocessing = 0;
		};
		B9ECD53F2ABE88DF00BBB36B /* Resources */ = {
			isa = PBXResourcesBuildPhase;
			buildActionMask = 2147483647;
			files = (
			);
			runOnlyForDeploymentPostprocessing = 0;
		};
		B9ECD54A2ABE88DF00BBB36B /* Resources */ = {
			isa = PBXResourcesBuildPhase;
			buildActionMask = 2147483647;
			files = (
			);
			runOnlyForDeploymentPostprocessing = 0;
		};
/* End PBXResourcesBuildPhase section */

/* Begin PBXSourcesBuildPhase section */
		B9ECD5272ABE88D200BBB36B /* Sources */ = {
			isa = PBXSourcesBuildPhase;
			buildActionMask = 2147483647;
			files = (
				B9535A002AE31D06002F748D /* PreferencesViewController.m in Sources */,
				B988F2162AC641B700F8298A /* DashboardModel.m in Sources */,
				B95602FA2ACCCB5000D243E9 /* CPUModel.m in Sources */,
				B99432612AC520190048C37D /* MainDashboardController.m in Sources */,
				B9A2FB182ACA2C2B00E95F98 /* CPUViewController.m in Sources */,
				B9A2FB2A2ACA2D2F00E95F98 /* NetworkViewController.m in Sources */,
				B9ECD53B2ABE88DF00BBB36B /* main.m in Sources */,
				B9ECD5302ABE88D200BBB36B /* AppDelegate.m in Sources */,
				B9522B402AE369ED0069816B /* PreferencesModel.m in Sources */,
				B9A2FB252ACA2D0A00E95F98 /* StorageViewController.m in Sources */,
				B9485C242ACF83500023ADE0 /* MemoryModel.m in Sources */,
				B9A2FB202ACA2CED00E95F98 /* MemoryViewController.m in Sources */,
			);
			runOnlyForDeploymentPostprocessing = 0;
		};
		B9ECD53D2ABE88DF00BBB36B /* Sources */ = {
			isa = PBXSourcesBuildPhase;
			buildActionMask = 2147483647;
			files = (
				B9ECD5462ABE88DF00BBB36B /* SystemInfoAppTests.m in Sources */,
			);
			runOnlyForDeploymentPostprocessing = 0;
		};
		B9ECD5482ABE88DF00BBB36B /* Sources */ = {
			isa = PBXSourcesBuildPhase;
			buildActionMask = 2147483647;
			files = (
				B9ECD5512ABE88DF00BBB36B /* SystemInfoAppUITests.m in Sources */,
			);
			runOnlyForDeploymentPostprocessing = 0;
		};
/* End PBXSourcesBuildPhase section */

/* Begin PBXTargetDependency section */
		B9ECD5432ABE88DF00BBB36B /* PBXTargetDependency */ = {
			isa = PBXTargetDependency;
			target = B9ECD52A2ABE88D200BBB36B /* SystemInfoApp */;
			targetProxy = B9ECD5422ABE88DF00BBB36B /* PBXContainerItemProxy */;
		};
		B9ECD54E2ABE88DF00BBB36B /* PBXTargetDependency */ = {
			isa = PBXTargetDependency;
			target = B9ECD52A2ABE88D200BBB36B /* SystemInfoApp */;
			targetProxy = B9ECD54D2ABE88DF00BBB36B /* PBXContainerItemProxy */;
		};
/* End PBXTargetDependency section */

/* Begin PBXVariantGroup section */
		B9ECD5362ABE88DF00BBB36B /* Main.storyboard */ = {
			isa = PBXVariantGroup;
			children = (
				B9ECD5372ABE88DF00BBB36B /* Base */,
			);
			name = Main.storyboard;
			sourceTree = "<group>";
		};
/* End PBXVariantGroup section */

/* Begin XCBuildConfiguration section */
		B9ECD5532ABE88DF00BBB36B /* Debug */ = {
			isa = XCBuildConfiguration;
			buildSettings = {
				ALWAYS_SEARCH_USER_PATHS = NO;
				CLANG_ANALYZER_NONNULL = YES;
				CLANG_ANALYZER_NUMBER_OBJECT_CONVERSION = YES_AGGRESSIVE;
				CLANG_CXX_LANGUAGE_STANDARD = "gnu++14";
				CLANG_CXX_LIBRARY = "libc++";
				CLANG_ENABLE_MODULES = YES;
				CLANG_ENABLE_OBJC_ARC = YES;
				CLANG_ENABLE_OBJC_WEAK = YES;
				CLANG_WARN_BLOCK_CAPTURE_AUTORELEASING = YES;
				CLANG_WARN_BOOL_CONVERSION = YES;
				CLANG_WARN_COMMA = YES;
				CLANG_WARN_CONSTANT_CONVERSION = YES;
				CLANG_WARN_DEPRECATED_OBJC_IMPLEMENTATIONS = YES;
				CLANG_WARN_DIRECT_OBJC_ISA_USAGE = YES_ERROR;
				CLANG_WARN_DOCUMENTATION_COMMENTS = YES;
				CLANG_WARN_EMPTY_BODY = YES;
				CLANG_WARN_ENUM_CONVERSION = YES;
				CLANG_WARN_INFINITE_RECURSION = YES;
				CLANG_WARN_INT_CONVERSION = YES;
				CLANG_WARN_NON_LITERAL_NULL_CONVERSION = YES;
				CLANG_WARN_OBJC_IMPLICIT_RETAIN_SELF = YES;
				CLANG_WARN_OBJC_LITERAL_CONVERSION = YES;
				CLANG_WARN_OBJC_ROOT_CLASS = YES_ERROR;
				CLANG_WARN_QUOTED_INCLUDE_IN_FRAMEWORK_HEADER = YES;
				CLANG_WARN_RANGE_LOOP_ANALYSIS = YES;
				CLANG_WARN_STRICT_PROTOTYPES = YES;
				CLANG_WARN_SUSPICIOUS_MOVE = YES;
				CLANG_WARN_UNGUARDED_AVAILABILITY = YES_AGGRESSIVE;
				CLANG_WARN_UNREACHABLE_CODE = YES;
				CLANG_WARN__DUPLICATE_METHOD_MATCH = YES;
				COPY_PHASE_STRIP = NO;
				DEBUG_INFORMATION_FORMAT = dwarf;
				ENABLE_STRICT_OBJC_MSGSEND = YES;
				ENABLE_TESTABILITY = YES;
				GCC_C_LANGUAGE_STANDARD = gnu11;
				GCC_DYNAMIC_NO_PIC = NO;
				GCC_NO_COMMON_BLOCKS = YES;
				GCC_OPTIMIZATION_LEVEL = 0;
				GCC_PREPROCESSOR_DEFINITIONS = (
					"DEBUG=1",
					"$(inherited)",
				);
				GCC_WARN_64_TO_32_BIT_CONVERSION = YES;
				GCC_WARN_ABOUT_RETURN_TYPE = YES_ERROR;
				GCC_WARN_UNDECLARED_SELECTOR = YES;
				GCC_WARN_UNINITIALIZED_AUTOS = YES_AGGRESSIVE;
				GCC_WARN_UNUSED_FUNCTION = YES;
				GCC_WARN_UNUSED_VARIABLE = YES;
				MACOSX_DEPLOYMENT_TARGET = 10.15;
				MTL_ENABLE_DEBUG_INFO = INCLUDE_SOURCE;
				MTL_FAST_MATH = YES;
				ONLY_ACTIVE_ARCH = YES;
				SDKROOT = macosx;
			};
			name = Debug;
		};
		B9ECD5542ABE88DF00BBB36B /* Release */ = {
			isa = XCBuildConfiguration;
			buildSettings = {
				ALWAYS_SEARCH_USER_PATHS = NO;
				CLANG_ANALYZER_NONNULL = YES;
				CLANG_ANALYZER_NUMBER_OBJECT_CONVERSION = YES_AGGRESSIVE;
				CLANG_CXX_LANGUAGE_STANDARD = "gnu++14";
				CLANG_CXX_LIBRARY = "libc++";
				CLANG_ENABLE_MODULES = YES;
				CLANG_ENABLE_OBJC_ARC = YES;
				CLANG_ENABLE_OBJC_WEAK = YES;
				CLANG_WARN_BLOCK_CAPTURE_AUTORELEASING = YES;
				CLANG_WARN_BOOL_CONVERSION = YES;
				CLANG_WARN_COMMA = YES;
				CLANG_WARN_CONSTANT_CONVERSION = YES;
				CLANG_WARN_DEPRECATED_OBJC_IMPLEMENTATIONS = YES;
				CLANG_WARN_DIRECT_OBJC_ISA_USAGE = YES_ERROR;
				CLANG_WARN_DOCUMENTATION_COMMENTS = YES;
				CLANG_WARN_EMPTY_BODY = YES;
				CLANG_WARN_ENUM_CONVERSION = YES;
				CLANG_WARN_INFINITE_RECURSION = YES;
				CLANG_WARN_INT_CONVERSION = YES;
				CLANG_WARN_NON_LITERAL_NULL_CONVERSION = YES;
				CLANG_WARN_OBJC_IMPLICIT_RETAIN_SELF = YES;
				CLANG_WARN_OBJC_LITERAL_CONVERSION = YES;
				CLANG_WARN_OBJC_ROOT_CLASS = YES_ERROR;
				CLANG_WARN_QUOTED_INCLUDE_IN_FRAMEWORK_HEADER = YES;
				CLANG_WARN_RANGE_LOOP_ANALYSIS = YES;
				CLANG_WARN_STRICT_PROTOTYPES = YES;
				CLANG_WARN_SUSPICIOUS_MOVE = YES;
				CLANG_WARN_UNGUARDED_AVAILABILITY = YES_AGGRESSIVE;
				CLANG_WARN_UNREACHABLE_CODE = YES;
				CLANG_WARN__DUPLICATE_METHOD_MATCH = YES;
				COPY_PHASE_STRIP = NO;
				DEBUG_INFORMATION_FORMAT = "dwarf-with-dsym";
				ENABLE_NS_ASSERTIONS = NO;
				ENABLE_STRICT_OBJC_MSGSEND = YES;
				GCC_C_LANGUAGE_STANDARD = gnu11;
				GCC_NO_COMMON_BLOCKS = YES;
				GCC_WARN_64_TO_32_BIT_CONVERSION = YES;
				GCC_WARN_ABOUT_RETURN_TYPE = YES_ERROR;
				GCC_WARN_UNDECLARED_SELECTOR = YES;
				GCC_WARN_UNINITIALIZED_AUTOS = YES_AGGRESSIVE;
				GCC_WARN_UNUSED_FUNCTION = YES;
				GCC_WARN_UNUSED_VARIABLE = YES;
				MACOSX_DEPLOYMENT_TARGET = 10.15;
				MTL_ENABLE_DEBUG_INFO = NO;
				MTL_FAST_MATH = YES;
				SDKROOT = macosx;
			};
			name = Release;
		};
		B9ECD5562ABE88DF00BBB36B /* Debug */ = {
			isa = XCBuildConfiguration;
			buildSettings = {
				ASSETCATALOG_COMPILER_APPICON_NAME = AppIcon;
				ASSETCATALOG_COMPILER_GLOBAL_ACCENT_COLOR_NAME = AccentColor;
				CODE_SIGN_ENTITLEMENTS = SystemInfoApp/SystemInfoApp.entitlements;
				CODE_SIGN_STYLE = Automatic;
				COMBINE_HIDPI_IMAGES = YES;
				DEVELOPMENT_TEAM = Z5W8B4D54J;
				ENABLE_HARDENED_RUNTIME = YES;
				INFOPLIST_FILE = SystemInfoApp/Info.plist;
				LD_RUNPATH_SEARCH_PATHS = (
					"$(inherited)",
					"@executable_path/../Frameworks",
				);
				PRODUCT_BUNDLE_IDENTIFIER = com.czer.SystemInfoApp;
				PRODUCT_NAME = "$(TARGET_NAME)";
			};
			name = Debug;
		};
		B9ECD5572ABE88DF00BBB36B /* Release */ = {
			isa = XCBuildConfiguration;
			buildSettings = {
				ASSETCATALOG_COMPILER_APPICON_NAME = AppIcon;
				ASSETCATALOG_COMPILER_GLOBAL_ACCENT_COLOR_NAME = AccentColor;
				CODE_SIGN_ENTITLEMENTS = SystemInfoApp/SystemInfoApp.entitlements;
				CODE_SIGN_STYLE = Automatic;
				COMBINE_HIDPI_IMAGES = YES;
				DEVELOPMENT_TEAM = Z5W8B4D54J;
				ENABLE_HARDENED_RUNTIME = YES;
				INFOPLIST_FILE = SystemInfoApp/Info.plist;
				LD_RUNPATH_SEARCH_PATHS = (
					"$(inherited)",
					"@executable_path/../Frameworks",
				);
				PRODUCT_BUNDLE_IDENTIFIER = com.czer.SystemInfoApp;
				PRODUCT_NAME = "$(TARGET_NAME)";
			};
			name = Release;
		};
		B9ECD5592ABE88DF00BBB36B /* Debug */ = {
			isa = XCBuildConfiguration;
			buildSettings = {
				BUNDLE_LOADER = "$(TEST_HOST)";
				CODE_SIGN_STYLE = Automatic;
				COMBINE_HIDPI_IMAGES = YES;
				DEVELOPMENT_TEAM = Z5W8B4D54J;
				INFOPLIST_FILE = SystemInfoAppTests/Info.plist;
				LD_RUNPATH_SEARCH_PATHS = (
					"$(inherited)",
					"@executable_path/../Frameworks",
					"@loader_path/../Frameworks",
				);
				MACOSX_DEPLOYMENT_TARGET = 10.15;
				PRODUCT_BUNDLE_IDENTIFIER = com.czer.SystemInfoAppTests;
				PRODUCT_NAME = "$(TARGET_NAME)";
				TEST_HOST = "$(BUILT_PRODUCTS_DIR)/SystemInfoApp.app/Contents/MacOS/SystemInfoApp";
			};
			name = Debug;
		};
		B9ECD55A2ABE88DF00BBB36B /* Release */ = {
			isa = XCBuildConfiguration;
			buildSettings = {
				BUNDLE_LOADER = "$(TEST_HOST)";
				CODE_SIGN_STYLE = Automatic;
				COMBINE_HIDPI_IMAGES = YES;
				DEVELOPMENT_TEAM = Z5W8B4D54J;
				INFOPLIST_FILE = SystemInfoAppTests/Info.plist;
				LD_RUNPATH_SEARCH_PATHS = (
					"$(inherited)",
					"@executable_path/../Frameworks",
					"@loader_path/../Frameworks",
				);
				MACOSX_DEPLOYMENT_TARGET = 10.15;
				PRODUCT_BUNDLE_IDENTIFIER = com.czer.SystemInfoAppTests;
				PRODUCT_NAME = "$(TARGET_NAME)";
				TEST_HOST = "$(BUILT_PRODUCTS_DIR)/SystemInfoApp.app/Contents/MacOS/SystemInfoApp";
			};
			name = Release;
		};
		B9ECD55C2ABE88DF00BBB36B /* Debug */ = {
			isa = XCBuildConfiguration;
			buildSettings = {
				CODE_SIGN_STYLE = Automatic;
				COMBINE_HIDPI_IMAGES = YES;
				DEVELOPMENT_TEAM = Z5W8B4D54J;
				INFOPLIST_FILE = SystemInfoAppUITests/Info.plist;
				LD_RUNPATH_SEARCH_PATHS = (
					"$(inherited)",
					"@executable_path/../Frameworks",
					"@loader_path/../Frameworks",
				);
				PRODUCT_BUNDLE_IDENTIFIER = com.czer.SystemInfoAppUITests;
				PRODUCT_NAME = "$(TARGET_NAME)";
				TEST_TARGET_NAME = SystemInfoApp;
			};
			name = Debug;
		};
		B9ECD55D2ABE88DF00BBB36B /* Release */ = {
			isa = XCBuildConfiguration;
			buildSettings = {
				CODE_SIGN_STYLE = Automatic;
				COMBINE_HIDPI_IMAGES = YES;
				DEVELOPMENT_TEAM = Z5W8B4D54J;
				INFOPLIST_FILE = SystemInfoAppUITests/Info.plist;
				LD_RUNPATH_SEARCH_PATHS = (
					"$(inherited)",
					"@executable_path/../Frameworks",
					"@loader_path/../Frameworks",
				);
				PRODUCT_BUNDLE_IDENTIFIER = com.czer.SystemInfoAppUITests;
				PRODUCT_NAME = "$(TARGET_NAME)";
				TEST_TARGET_NAME = SystemInfoApp;
			};
			name = Release;
		};
/* End XCBuildConfiguration section */

/* Begin XCConfigurationList section */
		B9ECD5262ABE88D200BBB36B /* Build configuration list for PBXProject "SystemInfoApp" */ = {
			isa = XCConfigurationList;
			buildConfigurations = (
				B9ECD5532ABE88DF00BBB36B /* Debug */,
				B9ECD5542ABE88DF00BBB36B /* Release */,
			);
			defaultConfigurationIsVisible = 0;
			defaultConfigurationName = Release;
		};
		B9ECD5552ABE88DF00BBB36B /* Build configuration list for PBXNativeTarget "SystemInfoApp" */ = {
			isa = XCConfigurationList;
			buildConfigurations = (
				B9ECD5562ABE88DF00BBB36B /* Debug */,
				B9ECD5572ABE88DF00BBB36B /* Release */,
			);
			defaultConfigurationIsVisible = 0;
			defaultConfigurationName = Release;
		};
		B9ECD5582ABE88DF00BBB36B /* Build configuration list for PBXNativeTarget "SystemInfoAppTests" */ = {
			isa = XCConfigurationList;
			buildConfigurations = (
				B9ECD5592ABE88DF00BBB36B /* Debug */,
				B9ECD55A2ABE88DF00BBB36B /* Release */,
			);
			defaultConfigurationIsVisible = 0;
			defaultConfigurationName = Release;
		};
		B9ECD55B2ABE88DF00BBB36B /* Build configuration list for PBXNativeTarget "SystemInfoAppUITests" */ = {
			isa = XCConfigurationList;
			buildConfigurations = (
				B9ECD55C2ABE88DF00BBB36B /* Debug */,
				B9ECD55D2ABE88DF00BBB36B /* Release */,
			);
			defaultConfigurationIsVisible = 0;
			defaultConfigurationName = Release;
		};
/* End XCConfigurationList section */
	};
	rootObject = B9ECD5232ABE88D200BBB36B /* Project object */;
}
